
Microsoft Visual Studio Solution File, Format Version 12.00
# Visual Studio Version 16
VisualStudioVersion = 16.0.31005.135
MinimumVisualStudioVersion = 10.0.40219.1
Project("{9A19103F-16F7-4668-BE54-9A1E7A4F7556}") = "OrderingAPizza", "OrderingAPizza.csproj", "{544E5036-BB61-4554-BA6D-13E002F36240}"
EndProject
Project("{9A19103F-16F7-4668-BE54-9A1E7A4F7556}") = "OrderiingAPizza.DataAccess", "..\OrderiingAPizza.DataAccess\OrderiingAPizza.DataAccess.csproj", "{D548A885-0ED0-4186-8874-14C0DFAD02A7}"
EndProject
Project("{FAE04EC0-301F-11D3-BF4B-00C04F79EFBC}") = "OrderingAPizza.ApplicationServices", "..\OrderingAPizza.ApplicationServices\OrderingAPizza.ApplicationServices.csproj", "{22911D71-44BA-4BF8-BB73-3CC5C0CB30F3}"
EndProject
Global
	GlobalSection(SolutionConfigurationPlatforms) = preSolution
		Debug|Any CPU = Debug|Any CPU
		Release|Any CPU = Release|Any CPU
	EndGlobalSection
	GlobalSection(ProjectConfigurationPlatforms) = postSolution
		{544E5036-BB61-4554-BA6D-13E002F36240}.Debug|Any CPU.ActiveCfg = Debug|Any CPU
		{544E5036-BB61-4554-BA6D-13E002F36240}.Debug|Any CPU.Build.0 = Debug|Any CPU
		{544E5036-BB61-4554-BA6D-13E002F36240}.Release|Any CPU.ActiveCfg = Release|Any CPU
		{544E5036-BB61-4554-BA6D-13E002F36240}.Release|Any CPU.Build.0 = Release|Any CPU
		{D548A885-0ED0-4186-8874-14C0DFAD02A7}.Debug|Any CPU.ActiveCfg = Debug|Any CPU
		{D548A885-0ED0-4186-8874-14C0DFAD02A7}.Debug|Any CPU.Build.0 = Debug|Any CPU
		{D548A885-0ED0-4186-8874-14C0DFAD02A7}.Release|Any CPU.ActiveCfg = Release|Any CPU
		{D548A885-0ED0-4186-8874-14C0DFAD02A7}.Release|Any CPU.Build.0 = Release|Any CPU
		{22911D71-44BA-4BF8-BB73-3CC5C0CB30F3}.Debug|Any CPU.ActiveCfg = Debug|Any CPU
		{22911D71-44BA-4BF8-BB73-3CC5C0CB30F3}.Debug|Any CPU.Build.0 = Debug|Any CPU
		{22911D71-44BA-4BF8-BB73-3CC5C0CB30F3}.Release|Any CPU.ActiveCfg = Release|Any CPU
		{22911D71-44BA-4BF8-BB73-3CC5C0CB30F3}.Release|Any CPU.Build.0 = Release|Any CPU
	EndGlobalSection
	GlobalSection(SolutionProperties) = preSolution
		HideSolutionNode = FALSE
	EndGlobalSection
	GlobalSection(ExtensibilityGlobals) = postSolution
		SolutionGuid = {F3086F45-49DB-4A80-BBFA-042F16F18A71}
	EndGlobalSection
EndGlobal
